<?xml version="1.0" encoding="utf-8"?>
<Project ToolsVersion="17.0" xmlns="http://schemas.microsoft.com/developer/msbuild/2003">
  <ItemGroup>
    <CustomBuild Include="C:\wrk\etherlords_pr_assets\packages\particles\Effekseer\Dev\Cpp\build_webgpu\CMakeFiles\178bb6d910107b748703ddd72111e1aa\generate.stamp.rule">
      <Filter>CMake Rules</Filter>
    </CustomBuild>
  </ItemGroup>
  <ItemGroup>
    <Filter Include="CMake Rules">
      <UniqueIdentifier>{A693E8C3-4AF2-3D73-B770-175E659857B9}</UniqueIdentifier>
    </Filter>
  </ItemGroup>
</Project>
