
Microsoft Visual Studio Solution File, Format Version 12.00
# Visual Studio Version 17
Project("{8BC9CEB8-8B4A-11D0-8D11-00A0C91BC942}") = "ALL_BUILD", "ALL_BUILD.vcxproj", "{49A07263-BDC0-3C28-BC4F-679A82F3D32E}"
	ProjectSection(ProjectDependencies) = postProject
		{77EEDF77-8EA5-38A8-BD7F-0EA3DE8DBAAF} = {77EEDF77-8EA5-38A8-BD7F-0EA3DE8DBAAF}
		{1D1C83F7-4E25-317B-8DB1-71DF57882065} = {1D1C83F7-4E25-317B-8DB1-71DF57882065}
	EndProjectSection
EndProject
Project("{8BC9CEB8-8B4A-11D0-8D11-00A0C91BC942}") = "Effekseer", "..\Effekseer\Effekseer.vcxproj", "{AD70B05C-D33F-3976-AA64-A3E8DACC6E66}"
	ProjectSection(ProjectDependencies) = postProject
		{1D1C83F7-4E25-317B-8DB1-71DF57882065} = {1D1C83F7-4E25-317B-8DB1-71DF57882065}
	EndProjectSection
EndProject
Project("{8BC9CEB8-8B4A-11D0-8D11-00A0C91BC942}") = "EffekseerSoundXAudio2", "EffekseerSoundXAudio2.vcxproj", "{77EEDF77-8EA5-38A8-BD7F-0EA3DE8DBAAF}"
	ProjectSection(ProjectDependencies) = postProject
		{AD70B05C-D33F-3976-AA64-A3E8DACC6E66} = {AD70B05C-D33F-3976-AA64-A3E8DACC6E66}
		{1D1C83F7-4E25-317B-8DB1-71DF57882065} = {1D1C83F7-4E25-317B-8DB1-71DF57882065}
	EndProjectSection
EndProject
Project("{8BC9CEB8-8B4A-11D0-8D11-00A0C91BC942}") = "INSTALL", "INSTALL.vcxproj", "{CEC0A9E4-2E94-31AF-AB8C-F9C285533BB6}"
	ProjectSection(ProjectDependencies) = postProject
		{49A07263-BDC0-3C28-BC4F-679A82F3D32E} = {49A07263-BDC0-3C28-BC4F-679A82F3D32E}
		{1D1C83F7-4E25-317B-8DB1-71DF57882065} = {1D1C83F7-4E25-317B-8DB1-71DF57882065}
	EndProjectSection
EndProject
Project("{8BC9CEB8-8B4A-11D0-8D11-00A0C91BC942}") = "ZERO_CHECK", "..\ZERO_CHECK.vcxproj", "{1D1C83F7-4E25-317B-8DB1-71DF57882065}"
	ProjectSection(ProjectDependencies) = postProject
	EndProjectSection
EndProject
Global
	GlobalSection(SolutionConfigurationPlatforms) = preSolution
		Debug|x64 = Debug|x64
		Release|x64 = Release|x64
		MinSizeRel|x64 = MinSizeRel|x64
		RelWithDebInfo|x64 = RelWithDebInfo|x64
	EndGlobalSection
	GlobalSection(ProjectConfigurationPlatforms) = postSolution
		{49A07263-BDC0-3C28-BC4F-679A82F3D32E}.Debug|x64.ActiveCfg = Debug|x64
		{49A07263-BDC0-3C28-BC4F-679A82F3D32E}.Debug|x64.Build.0 = Debug|x64
		{49A07263-BDC0-3C28-BC4F-679A82F3D32E}.Release|x64.ActiveCfg = Release|x64
		{49A07263-BDC0-3C28-BC4F-679A82F3D32E}.Release|x64.Build.0 = Release|x64
		{49A07263-BDC0-3C28-BC4F-679A82F3D32E}.MinSizeRel|x64.ActiveCfg = MinSizeRel|x64
		{49A07263-BDC0-3C28-BC4F-679A82F3D32E}.MinSizeRel|x64.Build.0 = MinSizeRel|x64
		{49A07263-BDC0-3C28-BC4F-679A82F3D32E}.RelWithDebInfo|x64.ActiveCfg = RelWithDebInfo|x64
		{49A07263-BDC0-3C28-BC4F-679A82F3D32E}.RelWithDebInfo|x64.Build.0 = RelWithDebInfo|x64
		{AD70B05C-D33F-3976-AA64-A3E8DACC6E66}.Debug|x64.ActiveCfg = Debug|x64
		{AD70B05C-D33F-3976-AA64-A3E8DACC6E66}.Debug|x64.Build.0 = Debug|x64
		{AD70B05C-D33F-3976-AA64-A3E8DACC6E66}.Release|x64.ActiveCfg = Release|x64
		{AD70B05C-D33F-3976-AA64-A3E8DACC6E66}.Release|x64.Build.0 = Release|x64
		{AD70B05C-D33F-3976-AA64-A3E8DACC6E66}.MinSizeRel|x64.ActiveCfg = MinSizeRel|x64
		{AD70B05C-D33F-3976-AA64-A3E8DACC6E66}.MinSizeRel|x64.Build.0 = MinSizeRel|x64
		{AD70B05C-D33F-3976-AA64-A3E8DACC6E66}.RelWithDebInfo|x64.ActiveCfg = RelWithDebInfo|x64
		{AD70B05C-D33F-3976-AA64-A3E8DACC6E66}.RelWithDebInfo|x64.Build.0 = RelWithDebInfo|x64
		{77EEDF77-8EA5-38A8-BD7F-0EA3DE8DBAAF}.Debug|x64.ActiveCfg = Debug|x64
		{77EEDF77-8EA5-38A8-BD7F-0EA3DE8DBAAF}.Debug|x64.Build.0 = Debug|x64
		{77EEDF77-8EA5-38A8-BD7F-0EA3DE8DBAAF}.Release|x64.ActiveCfg = Release|x64
		{77EEDF77-8EA5-38A8-BD7F-0EA3DE8DBAAF}.Release|x64.Build.0 = Release|x64
		{77EEDF77-8EA5-38A8-BD7F-0EA3DE8DBAAF}.MinSizeRel|x64.ActiveCfg = MinSizeRel|x64
		{77EEDF77-8EA5-38A8-BD7F-0EA3DE8DBAAF}.MinSizeRel|x64.Build.0 = MinSizeRel|x64
		{77EEDF77-8EA5-38A8-BD7F-0EA3DE8DBAAF}.RelWithDebInfo|x64.ActiveCfg = RelWithDebInfo|x64
		{77EEDF77-8EA5-38A8-BD7F-0EA3DE8DBAAF}.RelWithDebInfo|x64.Build.0 = RelWithDebInfo|x64
		{CEC0A9E4-2E94-31AF-AB8C-F9C285533BB6}.Debug|x64.ActiveCfg = Debug|x64
		{CEC0A9E4-2E94-31AF-AB8C-F9C285533BB6}.Release|x64.ActiveCfg = Release|x64
		{CEC0A9E4-2E94-31AF-AB8C-F9C285533BB6}.MinSizeRel|x64.ActiveCfg = MinSizeRel|x64
		{CEC0A9E4-2E94-31AF-AB8C-F9C285533BB6}.RelWithDebInfo|x64.ActiveCfg = RelWithDebInfo|x64
		{1D1C83F7-4E25-317B-8DB1-71DF57882065}.Debug|x64.ActiveCfg = Debug|x64
		{1D1C83F7-4E25-317B-8DB1-71DF57882065}.Debug|x64.Build.0 = Debug|x64
		{1D1C83F7-4E25-317B-8DB1-71DF57882065}.Release|x64.ActiveCfg = Release|x64
		{1D1C83F7-4E25-317B-8DB1-71DF57882065}.Release|x64.Build.0 = Release|x64
		{1D1C83F7-4E25-317B-8DB1-71DF57882065}.MinSizeRel|x64.ActiveCfg = MinSizeRel|x64
		{1D1C83F7-4E25-317B-8DB1-71DF57882065}.MinSizeRel|x64.Build.0 = MinSizeRel|x64
		{1D1C83F7-4E25-317B-8DB1-71DF57882065}.RelWithDebInfo|x64.ActiveCfg = RelWithDebInfo|x64
		{1D1C83F7-4E25-317B-8DB1-71DF57882065}.RelWithDebInfo|x64.Build.0 = RelWithDebInfo|x64
	EndGlobalSection
	GlobalSection(ExtensibilityGlobals) = postSolution
		SolutionGuid = {F54223EC-ED57-3B43-A572-DF41ECD559DB}
	EndGlobalSection
	GlobalSection(ExtensibilityAddIns) = postSolution
	EndGlobalSection
EndGlobal
